
Microsoft Visual Studio Solution File, Format Version 12.00
# Visual Studio Version 16
VisualStudioVersion = 16.0.31313.79
MinimumVisualStudioVersion = 10.0.40219.1
Project("{FAE04EC0-301F-11D3-BF4B-00C04F79EFBC}") = "BlazorWebAssemblyHostedAAD.Server", "BlazorWebAssemblyHostedAAD\Server\BlazorWebAssemblyHostedAAD.Server.csproj", "{DCC5F805-A14A-484F-AE8D-D4D912BE2599}"
EndProject
Project("{FAE04EC0-301F-11D3-BF4B-00C04F79EFBC}") = "BlazorWebAssemblyHostedAAD.Client", "BlazorWebAssemblyHostedAAD\Client\BlazorWebAssemblyHostedAAD.Client.csproj", "{45DC3B93-6C51-454F-B3BF-FE3D66F1BD66}"
EndProject
Project("{FAE04EC0-301F-11D3-BF4B-00C04F79EFBC}") = "BlazorWebAssemblyHostedAAD.Shared", "BlazorWebAssemblyHostedAAD\Shared\BlazorWebAssemblyHostedAAD.Shared.csproj", "{39CFBA8F-E365-4421-B347-E6557712F140}"
EndProject
Global
	GlobalSection(SolutionConfigurationPlatforms) = preSolution
		Debug|Any CPU = Debug|Any CPU
		Release|Any CPU = Release|Any CPU
	EndGlobalSection
	GlobalSection(ProjectConfigurationPlatforms) = postSolution
		{DCC5F805-A14A-484F-AE8D-D4D912BE2599}.Debug|Any CPU.ActiveCfg = Debug|Any CPU
		{DCC5F805-A14A-484F-AE8D-D4D912BE2599}.Debug|Any CPU.Build.0 = Debug|Any CPU
		{DCC5F805-A14A-484F-AE8D-D4D912BE2599}.Release|Any CPU.ActiveCfg = Release|Any CPU
		{DCC5F805-A14A-484F-AE8D-D4D912BE2599}.Release|Any CPU.Build.0 = Release|Any CPU
		{45DC3B93-6C51-454F-B3BF-FE3D66F1BD66}.Debug|Any CPU.ActiveCfg = Debug|Any CPU
		{45DC3B93-6C51-454F-B3BF-FE3D66F1BD66}.Debug|Any CPU.Build.0 = Debug|Any CPU
		{45DC3B93-6C51-454F-B3BF-FE3D66F1BD66}.Release|Any CPU.ActiveCfg = Release|Any CPU
		{45DC3B93-6C51-454F-B3BF-FE3D66F1BD66}.Release|Any CPU.Build.0 = Release|Any CPU
		{39CFBA8F-E365-4421-B347-E6557712F140}.Debug|Any CPU.ActiveCfg = Debug|Any CPU
		{39CFBA8F-E365-4421-B347-E6557712F140}.Debug|Any CPU.Build.0 = Debug|Any CPU
		{39CFBA8F-E365-4421-B347-E6557712F140}.Release|Any CPU.ActiveCfg = Release|Any CPU
		{39CFBA8F-E365-4421-B347-E6557712F140}.Release|Any CPU.Build.0 = Release|Any CPU
	EndGlobalSection
	GlobalSection(SolutionProperties) = preSolution
		HideSolutionNode = FALSE
	EndGlobalSection
	GlobalSection(ExtensibilityGlobals) = postSolution
		SolutionGuid = {67125756-5D9E-4E8D-9217-400B4776CDDE}
	EndGlobalSection
EndGlobal
